dependencies:
  espressif/esp_jpeg:
    component_hash: ad568fe4a9e90e30e42bf9b40f82faa249436fbae1655237ebad38ac932d7892
    dependencies:
    - name: idf
      require: private
      version: '>=4.4'
    source:
      registry_url: https://components.espressif.com/
      type: service
    version: 1.0.5~3
  idf:
    source:
      type: idf
    version: 5.3.1
direct_dependencies:
- espressif/esp_jpeg
- idf
manifest_hash: cf9c2d3d0c97ed370ff14c6bef95639d79af16a1121457e0760052e42c4bd649
target: esp32
version: 2.0.0
